
Microsoft Visual Studio Solution File, Format Version 12.00
# Visual Studio Version 17
VisualStudioVersion = 17.4.33122.133
MinimumVisualStudioVersion = 10.0.40219.1
Project("{FAE04EC0-301F-11D3-BF4B-00C04F79EFBC}") = "extros", "extros.csproj", "{FAA07AF0-95E3-46CA-A6AB-313A43149FF2}"
EndProject
Global
	GlobalSection(SolutionConfigurationPlatforms) = preSolution
		Debug|Any CPU = Debug|Any CPU
		Release|Any CPU = Release|Any CPU
	EndGlobalSection
	GlobalSection(ProjectConfigurationPlatforms) = postSolution
		{FAA07AF0-95E3-46CA-A6AB-313A43149FF2}.Debug|Any CPU.ActiveCfg = Debug|Any CPU
		{FAA07AF0-95E3-46CA-A6AB-313A43149FF2}.Debug|Any CPU.Build.0 = Debug|Any CPU
		{FAA07AF0-95E3-46CA-A6AB-313A43149FF2}.Release|Any CPU.ActiveCfg = Release|Any CPU
		{FAA07AF0-95E3-46CA-A6AB-313A43149FF2}.Release|Any CPU.Build.0 = Release|Any CPU
	EndGlobalSection
	GlobalSection(SolutionProperties) = preSolution
		HideSolutionNode = FALSE
	EndGlobalSection
	GlobalSection(ExtensibilityGlobals) = postSolution
		SolutionGuid = {3588BC5D-5C81-41B3-817B-57E96F7AA3C6}
	EndGlobalSection
EndGlobal
